
Microsoft Visual Studio Solution File, Format Version 12.00
# Visual Studio Version 17
VisualStudioVersion = 17.10.34928.147
MinimumVisualStudioVersion = 10.0.40219.1
Project("{FAE04EC0-301F-11D3-BF4B-00C04F79EFBC}") = "CarDealershipAPI", "CarDealershipAPI\CarDealershipAPI.csproj", "{65B4B4AC-71F2-4E7E-A643-7CA9FD3E6701}"
EndProject
Global
	GlobalSection(SolutionConfigurationPlatforms) = preSolution
		Debug|Any CPU = Debug|Any CPU
		Release|Any CPU = Release|Any CPU
	EndGlobalSection
	GlobalSection(ProjectConfigurationPlatforms) = postSolution
		{65B4B4AC-71F2-4E7E-A643-7CA9FD3E6701}.Debug|Any CPU.ActiveCfg = Debug|Any CPU
		{65B4B4AC-71F2-4E7E-A643-7CA9FD3E6701}.Debug|Any CPU.Build.0 = Debug|Any CPU
		{65B4B4AC-71F2-4E7E-A643-7CA9FD3E6701}.Release|Any CPU.ActiveCfg = Release|Any CPU
		{65B4B4AC-71F2-4E7E-A643-7CA9FD3E6701}.Release|Any CPU.Build.0 = Release|Any CPU
	EndGlobalSection
	GlobalSection(SolutionProperties) = preSolution
		HideSolutionNode = FALSE
	EndGlobalSection
	GlobalSection(ExtensibilityGlobals) = postSolution
		SolutionGuid = {3F73435C-E0DD-4F4A-A617-11A0DD68F31C}
	EndGlobalSection
EndGlobal
